github.com/MunifTanjim/minimo v2.8.0+incompatible h1:r3NcF4JrP1HdOAKdxJkXt/XrFivdP4gFqcMOKxd9FLw=
github.com/MunifTanjim/minimo v2.8.0+incompatible/go.mod h1:WPY2x9fGC22LpUl1+LFt4WazQMmc62v++31QzAsGeO4=
github.com/craftsmandigital/content v0.0.0-20191004095939-9948c15142d9 h1:YHxR6WrwgPh44s4CO3Tf4MNnfrR0LuRIcy1/S6cwqLw=
github.com/craftsmandigital/content v0.0.0-20191004095939-9948c15142d9/go.mod h1:TAfjLBkM8MOrGccaV50B/eQpieDTJ0MfLseTyp2uGV4=
