github.com/MunifTanjim/minimo v2.8.0+incompatible h1:r3NcF4JrP1HdOAKdxJkXt/XrFivdP4gFqcMOKxd9FLw=
github.com/MunifTanjim/minimo v2.8.0+incompatible/go.mod h1:WPY2x9fGC22LpUl1+LFt4WazQMmc62v++31QzAsGeO4=
github.com/craftsmandigital/content v0.0.0-20191009125405-04e57b0e3039 h1:Og5Q37318k/YRsbHaelyIhCNOeJHoToPNfqQ6gRIqeo=
github.com/craftsmandigital/content v0.0.0-20191009125405-04e57b0e3039/go.mod h1:TAfjLBkM8MOrGccaV50B/eQpieDTJ0MfLseTyp2uGV4=
