github.com/MunifTanjim/minimo v2.8.0+incompatible h1:r3NcF4JrP1HdOAKdxJkXt/XrFivdP4gFqcMOKxd9FLw=
github.com/MunifTanjim/minimo v2.8.0+incompatible/go.mod h1:WPY2x9fGC22LpUl1+LFt4WazQMmc62v++31QzAsGeO4=
github.com/craftsmandigital/content v0.0.0-20191002142130-9a9cec8f050e h1:cW3w9PjimtXtCuIiEVnbgP+b62e5nX9GrKlSBS0nZ5A=
github.com/craftsmandigital/content v0.0.0-20191002142130-9a9cec8f050e/go.mod h1:TAfjLBkM8MOrGccaV50B/eQpieDTJ0MfLseTyp2uGV4=
